
Microsoft Visual Studio Solution File, Format Version 12.00
# Visual Studio 14
VisualStudioVersion = 14.0.23107.0
MinimumVisualStudioVersion = 10.0.40219.1
Project("{FAE04EC0-301F-11D3-BF4B-00C04F79EFBC}") = "AppShip", "src\AppShip\AppShip.csproj", "{F0B6129B-119C-4A31-9776-E504CECF9448}"
EndProject
Global
	GlobalSection(SolutionConfigurationPlatforms) = preSolution
		Debug|x64 = Debug|x64
		Release|x64 = Release|x64
	EndGlobalSection
	GlobalSection(ProjectConfigurationPlatforms) = postSolution
		{F0B6129B-119C-4A31-9776-E504CECF9448}.Debug|x64.ActiveCfg = Debug|x64
		{F0B6129B-119C-4A31-9776-E504CECF9448}.Debug|x64.Build.0 = Debug|x64
		{F0B6129B-119C-4A31-9776-E504CECF9448}.Release|x64.ActiveCfg = Release|x64
		{F0B6129B-119C-4A31-9776-E504CECF9448}.Release|x64.Build.0 = Release|x64
	EndGlobalSection
	GlobalSection(SolutionProperties) = preSolution
		HideSolutionNode = FALSE
	EndGlobalSection
EndGlobal
